
Microsoft Visual Studio Solution File, Format Version 12.00
# Visual Studio Version 16
VisualStudioVersion = 16.0.29926.136
MinimumVisualStudioVersion = 10.0.40219.1
Project("{8BC9CEB8-8B4A-11D0-8D11-00A0C91BC942}") = "CrossByKitya", "CrossByKitya\CrossByKitya.vcxproj", "{BE09FCCC-C195-45B8-B019-650F8C80CEDC}"
EndProject
Global
	GlobalSection(SolutionConfigurationPlatforms) = preSolution
		Debug|x64 = Debug|x64
		Debug|x86 = Debug|x86
		Release|x64 = Release|x64
		Release|x86 = Release|x86
	EndGlobalSection
	GlobalSection(ProjectConfigurationPlatforms) = postSolution
		{BE09FCCC-C195-45B8-B019-650F8C80CEDC}.Debug|x64.ActiveCfg = Debug|x64
		{BE09FCCC-C195-45B8-B019-650F8C80CEDC}.Debug|x64.Build.0 = Debug|x64
		{BE09FCCC-C195-45B8-B019-650F8C80CEDC}.Debug|x86.ActiveCfg = Debug|Win32
		{BE09FCCC-C195-45B8-B019-650F8C80CEDC}.Debug|x86.Build.0 = Debug|Win32
		{BE09FCCC-C195-45B8-B019-650F8C80CEDC}.Release|x64.ActiveCfg = Release|x64
		{BE09FCCC-C195-45B8-B019-650F8C80CEDC}.Release|x64.Build.0 = Release|x64
		{BE09FCCC-C195-45B8-B019-650F8C80CEDC}.Release|x86.ActiveCfg = Release|Win32
		{BE09FCCC-C195-45B8-B019-650F8C80CEDC}.Release|x86.Build.0 = Release|Win32
	EndGlobalSection
	GlobalSection(SolutionProperties) = preSolution
		HideSolutionNode = FALSE
	EndGlobalSection
	GlobalSection(ExtensibilityGlobals) = postSolution
		SolutionGuid = {B3BDB472-F559-4F3C-BB01-AD414BE18B0C}
	EndGlobalSection
EndGlobal
